{
  "originHash" : "60c5b25457f9ab8f06defd8942cab138878ae35ace1f8058f6273ab798576303",
  "pins" : [
    {
      "identity" : "sparkle",
      "kind" : "remoteSourceControl",
      "location" : "https://github.com/sparkle-project/Sparkle",
      "state" : {
        "revision" : "eef1a539a373c1f1a320624b1130fc5de7b2e100",
        "version" : "2.10.0"
      }
    }
  ],
  "version" : 3
}
